github.com/maksimsed0v/card v1.0.0 h1:xpnxi17r20s4N8QV/+zpr7s5dT0s5rWfHBWpD0vALjU=
github.com/maksimsed0v/card v1.0.0/go.mod h1:KThh36mE71phyEAlMAIiZaDx2bU5dF1tb6Q7CloUJFw=
github.com/maksimsed0v/game21-Twenty-One- v0.0.0-20210928165608-2e2aabfd4f36 h1:4eLBwwtKKDuARBLoz2c0DrOGVluDR8WVQMeM04JOQQ8=
github.com/maksimsed0v/game21-Twenty-One- v0.0.0-20210928165608-2e2aabfd4f36/go.mod h1:u0glsldeOUlHwVDQAZ6AnccOjykuP6IUx3HZs805/Uk=
